// !$*UTF8*$!
{
	archiveVersion = 1;
	classes = {
	};
	objectVersion = 48;
	objects = {

/* Begin PBXBuildFile section */
		B9C342C620029C39001455EF /* AppDelegate.swift in Sources */ = {isa = PBXBuildFile; fileRef = B9C342C520029C39001455EF /* AppDelegate.swift */; };
		B9C342CB20029C39001455EF /* Main.storyboard in Resources */ = {isa = PBXBuildFile; fileRef = B9C342C920029C39001455EF /* Main.storyboard */; };
		B9C342CD20029C39001455EF /* Assets.xcassets in Resources */ = {isa = PBXBuildFile; fileRef = B9C342CC20029C39001455EF /* Assets.xcassets */; };
		B9C342D020029C39001455EF /* LaunchScreen.storyboard in Resources */ = {isa = PBXBuildFile; fileRef = B9C342CE20029C39001455EF /* LaunchScreen.storyboard */; };
		B9C342D920029CBC001455EF /* GeneratorViewController.swift in Sources */ = {isa = PBXBuildFile; fileRef = B9C342D820029CBC001455EF /* GeneratorViewController.swift */; };
		B9C342DB20029D2E001455EF /* ScannerViewController.swift in Sources */ = {isa = PBXBuildFile; fileRef = B9C342DA20029D2E001455EF /* ScannerViewController.swift */; };
		B9C342DD20029E32001455EF /* HomeViewController.swift in Sources */ = {isa = PBXBuildFile; fileRef = B9C342DC20029E32001455EF /* HomeViewController.swift */; };
		B9C342DF2002A312001455EF /* PreviewViewController.swift in Sources */ = {isa = PBXBuildFile; fileRef = B9C342DE2002A312001455EF /* PreviewViewController.swift */; };
/* End PBXBuildFile section */

/* Begin PBXFileReference section */
		B9C342C220029C39001455EF /* QRCode.app */ = {isa = PBXFileReference; explicitFileType = wrapper.application; includeInIndex = 0; path = QRCode.app; sourceTree = BUILT_PRODUCTS_DIR; };
		B9C342C520029C39001455EF /* AppDelegate.swift */ = {isa = PBXFileReference; lastKnownFileType = sourcecode.swift; path = AppDelegate.swift; sourceTree = "<group>"; };
		B9C342CA20029C39001455EF /* Base */ = {isa = PBXFileReference; lastKnownFileType = file.storyboard; name = Base; path = Base.lproj/Main.storyboard; sourceTree = "<group>"; };
		B9C342CC20029C39001455EF /* Assets.xcassets */ = {isa = PBXFileReference; lastKnownFileType = folder.assetcatalog; path = Assets.xcassets; sourceTree = "<group>"; };
		B9C342CF20029C39001455EF /* Base */ = {isa = PBXFileReference; lastKnownFileType = file.storyboard; name = Base; path = Base.lproj/LaunchScreen.storyboard; sourceTree = "<group>"; };
		B9C342D120029C39001455EF /* Info.plist */ = {isa = PBXFileReference; lastKnownFileType = text.plist.xml; path = Info.plist; sourceTree = "<group>"; };
		B9C342D820029CBC001455EF /* GeneratorViewController.swift */ = {isa = PBXFileReference; lastKnownFileType = sourcecode.swift; path = GeneratorViewController.swift; sourceTree = "<group>"; };
		B9C342DA20029D2E001455EF /* ScannerViewController.swift */ = {isa = PBXFileReference; lastKnownFileType = sourcecode.swift; path = ScannerViewController.swift; sourceTree = "<group>"; };
		B9C342DC20029E32001455EF /* HomeViewController.swift */ = {isa = PBXFileReference; lastKnownFileType = sourcecode.swift; path = HomeViewController.swift; sourceTree = "<group>"; };
		B9C342DE2002A312001455EF /* PreviewViewController.swift */ = {isa = PBXFileReference; lastKnownFileType = sourcecode.swift; path = PreviewViewController.swift; sourceTree = "<group>"; };
/* End PBXFileReference section */

/* Begin PBXFrameworksBuildPhase section */
		B9C342BF20029C39001455EF /* Frameworks */ = {
			isa = PBXFrameworksBuildPhase;
			buildActionMask = 2147483647;
			files = (
			);
			runOnlyForDeploymentPostprocessing = 0;
		};
/* End PBXFrameworksBuildPhase section */

/* Begin PBXGroup section */
		B9C342B920029C39001455EF = {
			isa = PBXGroup;
			children = (
				B9C342C420029C39001455EF /* QRCode */,
				B9C342C320029C39001455EF /* Products */,
			);
			sourceTree = "<group>";
		};
		B9C342C320029C39001455EF /* Products */ = {
			isa = PBXGroup;
			children = (
				B9C342C220029C39001455EF /* QRCode.app */,
			);
			name = Products;
			sourceTree = "<group>";
		};
		B9C342C420029C39001455EF /* QRCode */ = {
			isa = PBXGroup;
			children = (
				B9C342C520029C39001455EF /* AppDelegate.swift */,
				B9C342D820029CBC001455EF /* GeneratorViewController.swift */,
				B9C342DE2002A312001455EF /* PreviewViewController.swift */,
				B9C342DA20029D2E001455EF /* ScannerViewController.swift */,
				B9C342DC20029E32001455EF /* HomeViewController.swift */,
				B9C342D720029C98001455EF /* Supporting */,
			);
			path = QRCode;
			sourceTree = "<group>";
		};
		B9C342D720029C98001455EF /* Supporting */ = {
			isa = PBXGroup;
			children = (
				B9C342C920029C39001455EF /* Main.storyboard */,
				B9C342CC20029C39001455EF /* Assets.xcassets */,
				B9C342CE20029C39001455EF /* LaunchScreen.storyboard */,
				B9C342D120029C39001455EF /* Info.plist */,
			);
			path = Supporting;
			sourceTree = "<group>";
		};
/* End PBXGroup section */

/* Begin PBXNativeTarget section */
		B9C342C120029C39001455EF /* QRCode */ = {
			isa = PBXNativeTarget;
			buildConfigurationList = B9C342D420029C39001455EF /* Build configuration list for PBXNativeTarget "QRCode" */;
			buildPhases = (
				B9C342BE20029C39001455EF /* Sources */,
				B9C342BF20029C39001455EF /* Frameworks */,
				B9C342C020029C39001455EF /* Resources */,
			);
			buildRules = (
			);
			dependencies = (
			);
			name = QRCode;
			productName = QRCode;
			productReference = B9C342C220029C39001455EF /* QRCode.app */;
			productType = "com.apple.product-type.application";
		};
/* End PBXNativeTarget section */

/* Begin PBXProject section */
		B9C342BA20029C39001455EF /* Project object */ = {
			isa = PBXProject;
			attributes = {
				LastSwiftUpdateCheck = 0900;
				LastUpgradeCheck = 0900;
				ORGANIZATIONNAME = Sakthikumar;
				TargetAttributes = {
					B9C342C120029C39001455EF = {
						CreatedOnToolsVersion = 9.0;
						ProvisioningStyle = Automatic;
					};
				};
			};
			buildConfigurationList = B9C342BD20029C39001455EF /* Build configuration list for PBXProject "QRCode" */;
			compatibilityVersion = "Xcode 8.0";
			developmentRegion = en;
			hasScannedForEncodings = 0;
			knownRegions = (
				en,
				Base,
			);
			mainGroup = B9C342B920029C39001455EF;
			productRefGroup = B9C342C320029C39001455EF /* Products */;
			projectDirPath = "";
			projectRoot = "";
			targets = (
				B9C342C120029C39001455EF /* QRCode */,
			);
		};
/* End PBXProject section */

/* Begin PBXResourcesBuildPhase section */
		B9C342C020029C39001455EF /* Resources */ = {
			isa = PBXResourcesBuildPhase;
			buildActionMask = 2147483647;
			files = (
				B9C342D020029C39001455EF /* LaunchScreen.storyboard in Resources */,
				B9C342CD20029C39001455EF /* Assets.xcassets in Resources */,
				B9C342CB20029C39001455EF /* Main.storyboard in Resources */,
			);
			runOnlyForDeploymentPostprocessing = 0;
		};
/* End PBXResourcesBuildPhase section */

/* Begin PBXSourcesBuildPhase section */
		B9C342BE20029C39001455EF /* Sources */ = {
			isa = PBXSourcesBuildPhase;
			buildActionMask = 2147483647;
			files = (
				B9C342D920029CBC001455EF /* GeneratorViewController.swift in Sources */,
				B9C342DB20029D2E001455EF /* ScannerViewController.swift in Sources */,
				B9C342C620029C39001455EF /* AppDelegate.swift in Sources */,
				B9C342DF2002A312001455EF /* PreviewViewController.swift in Sources */,
				B9C342DD20029E32001455EF /* HomeViewController.swift in Sources */,
			);
			runOnlyForDeploymentPostprocessing = 0;
		};
/* End PBXSourcesBuildPhase section */

/* Begin PBXVariantGroup section */
		B9C342C920029C39001455EF /* Main.storyboard */ = {
			isa = PBXVariantGroup;
			children = (
				B9C342CA20029C39001455EF /* Base */,
			);
			name = Main.storyboard;
			sourceTree = "<group>";
		};
		B9C342CE20029C39001455EF /* LaunchScreen.storyboard */ = {
			isa = PBXVariantGroup;
			children = (
				B9C342CF20029C39001455EF /* Base */,
			);
			name = LaunchScreen.storyboard;
			sourceTree = "<group>";
		};
/* End PBXVariantGroup section */

/* Begin XCBuildConfiguration section */
		B9C342D220029C39001455EF /* Debug */ = {
			isa = XCBuildConfiguration;
			buildSettings = {
				ALWAYS_SEARCH_USER_PATHS = NO;
				CLANG_ANALYZER_NONNULL = YES;
				CLANG_ANALYZER_NUMBER_OBJECT_CONVERSION = YES_AGGRESSIVE;
				CLANG_CXX_LANGUAGE_STANDARD = "gnu++14";
				CLANG_CXX_LIBRARY = "libc++";
				CLANG_ENABLE_MODULES = YES;
				CLANG_ENABLE_OBJC_ARC = YES;
				CLANG_WARN_BLOCK_CAPTURE_AUTORELEASING = YES;
				CLANG_WARN_BOOL_CONVERSION = YES;
				CLANG_WARN_COMMA = YES;
				CLANG_WARN_CONSTANT_CONVERSION = YES;
				CLANG_WARN_DIRECT_OBJC_ISA_USAGE = YES_ERROR;
				CLANG_WARN_DOCUMENTATION_COMMENTS = YES;
				CLANG_WARN_EMPTY_BODY = YES;
				CLANG_WARN_ENUM_CONVERSION = YES;
				CLANG_WARN_INFINITE_RECURSION = YES;
				CLANG_WARN_INT_CONVERSION = YES;
				CLANG_WARN_NON_LITERAL_NULL_CONVERSION = YES;
				CLANG_WARN_OBJC_LITERAL_CONVERSION = YES;
				CLANG_WARN_OBJC_ROOT_CLASS = YES_ERROR;
				CLANG_WARN_RANGE_LOOP_ANALYSIS = YES;
				CLANG_WARN_STRICT_PROTOTYPES = YES;
				CLANG_WARN_SUSPICIOUS_MOVE = YES;
				CLANG_WARN_UNGUARDED_AVAILABILITY = YES_AGGRESSIVE;
				CLANG_WARN_UNREACHABLE_CODE = YES;
				CLANG_WARN__DUPLICATE_METHOD_MATCH = YES;
				CODE_SIGN_IDENTITY = "iPhone Developer";
				COPY_PHASE_STRIP = NO;
				DEBUG_INFORMATION_FORMAT = dwarf;
				ENABLE_STRICT_OBJC_MSGSEND = YES;
				ENABLE_TESTABILITY = YES;
				GCC_C_LANGUAGE_STANDARD = gnu11;
				GCC_DYNAMIC_NO_PIC = NO;
				GCC_NO_COMMON_BLOCKS = YES;
				GCC_OPTIMIZATION_LEVEL = 0;
				GCC_PREPROCESSOR_DEFINITIONS = (
					"DEBUG=1",
					"$(inherited)",
				);
				GCC_WARN_64_TO_32_BIT_CONVERSION = YES;
				GCC_WARN_ABOUT_RETURN_TYPE = YES_ERROR;
				GCC_WARN_UNDECLARED_SELECTOR = YES;
				GCC_WARN_UNINITIALIZED_AUTOS = YES_AGGRESSIVE;
				GCC_WARN_UNUSED_FUNCTION = YES;
				GCC_WARN_UNUSED_VARIABLE = YES;
				IPHONEOS_DEPLOYMENT_TARGET = 11.0;
				MTL_ENABLE_DEBUG_INFO = YES;
				ONLY_ACTIVE_ARCH = YES;
				SDKROOT = iphoneos;
				SWIFT_ACTIVE_COMPILATION_CONDITIONS = DEBUG;
				SWIFT_OPTIMIZATION_LEVEL = "-Onone";
			};
			name = Debug;
		};
		B9C342D320029C39001455EF /* Release */ = {
			isa = XCBuildConfiguration;
			buildSettings = {
				ALWAYS_SEARCH_USER_PATHS = NO;
				CLANG_ANALYZER_NONNULL = YES;
				CLANG_ANALYZER_NUMBER_OBJECT_CONVERSION = YES_AGGRESSIVE;
				CLANG_CXX_LANGUAGE_STANDARD = "gnu++14";
				CLANG_CXX_LIBRARY = "libc++";
				CLANG_ENABLE_MODULES = YES;
				CLANG_ENABLE_OBJC_ARC = YES;
				CLANG_WARN_BLOCK_CAPTURE_AUTORELEASING = YES;
				CLANG_WARN_BOOL_CONVERSION = YES;
				CLANG_WARN_COMMA = YES;
				CLANG_WARN_CONSTANT_CONVERSION = YES;
				CLANG_WARN_DIRECT_OBJC_ISA_USAGE = YES_ERROR;
				CLANG_WARN_DOCUMENTATION_COMMENTS = YES;
				CLANG_WARN_EMPTY_BODY = YES;
				CLANG_WARN_ENUM_CONVERSION = YES;
				CLANG_WARN_INFINITE_RECURSION = YES;
				CLANG_WARN_INT_CONVERSION = YES;
				CLANG_WARN_NON_LITERAL_NULL_CONVERSION = YES;
				CLANG_WARN_OBJC_LITERAL_CONVERSION = YES;
				CLANG_WARN_OBJC_ROOT_CLASS = YES_ERROR;
				CLANG_WARN_RANGE_LOOP_ANALYSIS = YES;
				CLANG_WARN_STRICT_PROTOTYPES = YES;
				CLANG_WARN_SUSPICIOUS_MOVE = YES;
				CLANG_WARN_UNGUARDED_AVAILABILITY = YES_AGGRESSIVE;
				CLANG_WARN_UNREACHABLE_CODE = YES;
				CLANG_WARN__DUPLICATE_METHOD_MATCH = YES;
				CODE_SIGN_IDENTITY = "iPhone Developer";
				COPY_PHASE_STRIP = NO;
				DEBUG_INFORMATION_FORMAT = "dwarf-with-dsym";
				ENABLE_NS_ASSERTIONS = NO;
				ENABLE_STRICT_OBJC_MSGSEND = YES;
				GCC_C_LANGUAGE_STANDARD = gnu11;
				GCC_NO_COMMON_BLOCKS = YES;
				GCC_WARN_64_TO_32_BIT_CONVERSION = YES;
				GCC_WARN_ABOUT_RETURN_TYPE = YES_ERROR;
				GCC_WARN_UNDECLARED_SELECTOR = YES;
				GCC_WARN_UNINITIALIZED_AUTOS = YES_AGGRESSIVE;
				GCC_WARN_UNUSED_FUNCTION = YES;
				GCC_WARN_UNUSED_VARIABLE = YES;
				IPHONEOS_DEPLOYMENT_TARGET = 11.0;
				MTL_ENABLE_DEBUG_INFO = NO;
				SDKROOT = iphoneos;
				SWIFT_OPTIMIZATION_LEVEL = "-Owholemodule";
				VALIDATE_PRODUCT = YES;
			};
			name = Release;
		};
		B9C342D520029C39001455EF /* Debug */ = {
			isa = XCBuildConfiguration;
			buildSettings = {
				ASSETCATALOG_COMPILER_APPICON_NAME = AppIcon;
				CODE_SIGN_STYLE = Automatic;
				DEVELOPMENT_TEAM = DKB89VZZ3M;
				INFOPLIST_FILE = "$(SRCROOT)/QRCode/Supporting/Info.plist";
				IPHONEOS_DEPLOYMENT_TARGET = 11.0;
				LD_RUNPATH_SEARCH_PATHS = "$(inherited) @executable_path/Frameworks";
				PRODUCT_BUNDLE_IDENTIFIER = com.Sakthikumar.QRCode;
				PRODUCT_NAME = "$(TARGET_NAME)";
				SWIFT_VERSION = 4.0;
				TARGETED_DEVICE_FAMILY = "1,2";
			};
			name = Debug;
		};
		B9C342D620029C39001455EF /* Release */ = {
			isa = XCBuildConfiguration;
			buildSettings = {
				ASSETCATALOG_COMPILER_APPICON_NAME = AppIcon;
				CODE_SIGN_STYLE = Automatic;
				DEVELOPMENT_TEAM = DKB89VZZ3M;
				INFOPLIST_FILE = "$(SRCROOT)/QRCode/Supporting/Info.plist";
				IPHONEOS_DEPLOYMENT_TARGET = 11.0;
				LD_RUNPATH_SEARCH_PATHS = "$(inherited) @executable_path/Frameworks";
				PRODUCT_BUNDLE_IDENTIFIER = com.Sakthikumar.QRCode;
				PRODUCT_NAME = "$(TARGET_NAME)";
				SWIFT_VERSION = 4.0;
				TARGETED_DEVICE_FAMILY = "1,2";
			};
			name = Release;
		};
/* End XCBuildConfiguration section */

/* Begin XCConfigurationList section */
		B9C342BD20029C39001455EF /* Build configuration list for PBXProject "QRCode" */ = {
			isa = XCConfigurationList;
			buildConfigurations = (
				B9C342D220029C39001455EF /* Debug */,
				B9C342D320029C39001455EF /* Release */,
			);
			defaultConfigurationIsVisible = 0;
			defaultConfigurationName = Release;
		};
		B9C342D420029C39001455EF /* Build configuration list for PBXNativeTarget "QRCode" */ = {
			isa = XCConfigurationList;
			buildConfigurations = (
				B9C342D520029C39001455EF /* Debug */,
				B9C342D620029C39001455EF /* Release */,
			);
			defaultConfigurationIsVisible = 0;
			defaultConfigurationName = Release;
		};
/* End XCConfigurationList section */
	};
	rootObject = B9C342BA20029C39001455EF /* Project object */;
}
